
Microsoft Visual Studio Solution File, Format Version 12.00
# Visual Studio Version 17
VisualStudioVersion = 17.0.31903.59
MinimumVisualStudioVersion = 10.0.40219.1
Project("{FAE04EC0-301F-11D3-BF4B-00C04F79EFBC}") = "Shared", "Shared\Shared.csproj", "{3EA370E9-0CFD-4323-839C-F5DB87C4D129}"
EndProject
Project("{2150E333-8FDC-42A3-9474-1A3956D46DE8}") = "Services", "Services", "{5854FF58-B8C5-05C6-5BF2-ACE42193F22B}"
EndProject
Project("{2150E333-8FDC-42A3-9474-1A3956D46DE8}") = "ShipmentService", "ShipmentService", "{F31084E3-F323-DA7D-C145-65CE5C3B4ED1}"
EndProject
Project("{FAE04EC0-301F-11D3-BF4B-00C04F79EFBC}") = "ShipmentService.API", "Services\ShipmentService\ShipmentService.API\ShipmentService.API.csproj", "{E2697AB7-8270-4F73-AD9A-7E774BC020D2}"
EndProject
Project("{FAE04EC0-301F-11D3-BF4B-00C04F79EFBC}") = "ShipmentService.Application", "Services\ShipmentService\ShipmentService.Application\ShipmentService.Application.csproj", "{EF0CEDFB-2CDE-460F-80B9-B44C0C87108D}"
EndProject
Project("{FAE04EC0-301F-11D3-BF4B-00C04F79EFBC}") = "ShipmentService.Domain", "Services\ShipmentService\ShipmentService.Domain\ShipmentService.Domain.csproj", "{312A4555-84FE-41DA-8CF0-6BACEB47C2FB}"
EndProject
Project("{FAE04EC0-301F-11D3-BF4B-00C04F79EFBC}") = "ShipmentService.Infrastructure", "Services\ShipmentService\ShipmentService.Infrastructure\ShipmentService.Infrastructure.csproj", "{ED829C37-F460-4080-8D3C-B084A11EB8F9}"
EndProject
Project("{2150E333-8FDC-42A3-9474-1A3956D46DE8}") = "TrackingService", "TrackingService", "{871CC0D5-9F75-7171-07CF-829AA5C5D79C}"
EndProject
Project("{FAE04EC0-301F-11D3-BF4B-00C04F79EFBC}") = "TrackingService.API", "Services\TrackingService\TrackingService.API\TrackingService.API.csproj", "{F02668BE-3CF8-49CC-851B-D9A98ECDAECC}"
EndProject
Project("{FAE04EC0-301F-11D3-BF4B-00C04F79EFBC}") = "TrackingService.Application", "Services\TrackingService\TrackingService.Application\TrackingService.Application.csproj", "{56935E47-74B0-4A5D-808D-6F32E1B7149C}"
EndProject
Project("{FAE04EC0-301F-11D3-BF4B-00C04F79EFBC}") = "TrackingService.Domain", "Services\TrackingService\TrackingService.Domain\TrackingService.Domain.csproj", "{B6C70F57-9776-4FC9-9E48-58397CA08E3E}"
EndProject
Project("{FAE04EC0-301F-11D3-BF4B-00C04F79EFBC}") = "TrackingService.Infrastructure", "Services\TrackingService\TrackingService.Infrastructure\TrackingService.Infrastructure.csproj", "{2FF9752B-2D3E-4730-B1BB-9C84669E109A}"
EndProject
Project("{2150E333-8FDC-42A3-9474-1A3956D46DE8}") = "AuthService", "AuthService", "{378295AF-C144-6721-7CFF-8DE6E58ED8C7}"
EndProject
Project("{FAE04EC0-301F-11D3-BF4B-00C04F79EFBC}") = "AuthService.API", "Services\AuthService\AuthService.API\AuthService.API.csproj", "{194CF415-7127-4D32-89CC-CC6B98F4DA9B}"
EndProject
Project("{FAE04EC0-301F-11D3-BF4B-00C04F79EFBC}") = "AuthService.Application", "Services\AuthService\AuthService.Application\AuthService.Application.csproj", "{05E03714-416B-4DCE-A842-E00BAE7E0FA3}"
EndProject
Project("{FAE04EC0-301F-11D3-BF4B-00C04F79EFBC}") = "AuthService.Domain", "Services\AuthService\AuthService.Domain\AuthService.Domain.csproj", "{96F6691C-9562-4C08-B6CC-B106BB42E70E}"
EndProject
Project("{FAE04EC0-301F-11D3-BF4B-00C04F79EFBC}") = "AuthService.Infrastructure", "Services\AuthService\AuthService.Infrastructure\AuthService.Infrastructure.csproj", "{9267E0A9-7FAA-4EFE-9EF0-28075952C1A0}"
EndProject
Project("{2150E333-8FDC-42A3-9474-1A3956D46DE8}") = "AdminService", "AdminService", "{2313982F-DB91-141E-F0CF-840D51D3D355}"
EndProject
Project("{FAE04EC0-301F-11D3-BF4B-00C04F79EFBC}") = "AdminService.API", "Services\AdminService\AdminService.API\AdminService.API.csproj", "{E1915E19-D3F0-47F5-89CD-ACA552EC6669}"
EndProject
Project("{FAE04EC0-301F-11D3-BF4B-00C04F79EFBC}") = "AdminService.Application", "Services\AdminService\AdminService.Application\AdminService.Application.csproj", "{0A31AC58-D597-4FF7-B994-2D3DEB910A0F}"
EndProject
Project("{FAE04EC0-301F-11D3-BF4B-00C04F79EFBC}") = "AdminService.Domain", "Services\AdminService\AdminService.Domain\AdminService.Domain.csproj", "{61E0C5F2-F2C9-4E09-9BF8-74D1DB7404D3}"
EndProject
Project("{FAE04EC0-301F-11D3-BF4B-00C04F79EFBC}") = "AdminService.Infrastructure", "Services\AdminService\AdminService.Infrastructure\AdminService.Infrastructure.csproj", "{79D5B490-83D0-4906-8B65-F47543B56029}"
EndProject
Project("{2150E333-8FDC-42A3-9474-1A3956D46DE8}") = "Gateway", "Gateway", "{E7BDDBC6-9FD1-D1D7-ACD8-2C4F8E3D2461}"
EndProject
Project("{FAE04EC0-301F-11D3-BF4B-00C04F79EFBC}") = "Gateway.API", "Gateway\Gateway.API\Gateway.API.csproj", "{11FC6F5D-EE55-4E79-A588-9E98C488D317}"
EndProject
Global
	GlobalSection(SolutionConfigurationPlatforms) = preSolution
		Debug|Any CPU = Debug|Any CPU
		Debug|x64 = Debug|x64
		Debug|x86 = Debug|x86
		Release|Any CPU = Release|Any CPU
		Release|x64 = Release|x64
		Release|x86 = Release|x86
	EndGlobalSection
	GlobalSection(ProjectConfigurationPlatforms) = postSolution
		{3EA370E9-0CFD-4323-839C-F5DB87C4D129}.Debug|Any CPU.ActiveCfg = Debug|Any CPU
		{3EA370E9-0CFD-4323-839C-F5DB87C4D129}.Debug|Any CPU.Build.0 = Debug|Any CPU
		{3EA370E9-0CFD-4323-839C-F5DB87C4D129}.Debug|x64.ActiveCfg = Debug|Any CPU
		{3EA370E9-0CFD-4323-839C-F5DB87C4D129}.Debug|x64.Build.0 = Debug|Any CPU
		{3EA370E9-0CFD-4323-839C-F5DB87C4D129}.Debug|x86.ActiveCfg = Debug|Any CPU
		{3EA370E9-0CFD-4323-839C-F5DB87C4D129}.Debug|x86.Build.0 = Debug|Any CPU
		{3EA370E9-0CFD-4323-839C-F5DB87C4D129}.Release|Any CPU.ActiveCfg = Release|Any CPU
		{3EA370E9-0CFD-4323-839C-F5DB87C4D129}.Release|Any CPU.Build.0 = Release|Any CPU
		{3EA370E9-0CFD-4323-839C-F5DB87C4D129}.Release|x64.ActiveCfg = Release|Any CPU
		{3EA370E9-0CFD-4323-839C-F5DB87C4D129}.Release|x64.Build.0 = Release|Any CPU
		{3EA370E9-0CFD-4323-839C-F5DB87C4D129}.Release|x86.ActiveCfg = Release|Any CPU
		{3EA370E9-0CFD-4323-839C-F5DB87C4D129}.Release|x86.Build.0 = Release|Any CPU
		{E2697AB7-8270-4F73-AD9A-7E774BC020D2}.Debug|Any CPU.ActiveCfg = Debug|Any CPU
		{E2697AB7-8270-4F73-AD9A-7E774BC020D2}.Debug|Any CPU.Build.0 = Debug|Any CPU
		{E2697AB7-8270-4F73-AD9A-7E774BC020D2}.Debug|x64.ActiveCfg = Debug|Any CPU
		{E2697AB7-8270-4F73-AD9A-7E774BC020D2}.Debug|x64.Build.0 = Debug|Any CPU
		{E2697AB7-8270-4F73-AD9A-7E774BC020D2}.Debug|x86.ActiveCfg = Debug|Any CPU
		{E2697AB7-8270-4F73-AD9A-7E774BC020D2}.Debug|x86.Build.0 = Debug|Any CPU
		{E2697AB7-8270-4F73-AD9A-7E774BC020D2}.Release|Any CPU.ActiveCfg = Release|Any CPU
		{E2697AB7-8270-4F73-AD9A-7E774BC020D2}.Release|Any CPU.Build.0 = Release|Any CPU
		{E2697AB7-8270-4F73-AD9A-7E774BC020D2}.Release|x64.ActiveCfg = Release|Any CPU
		{E2697AB7-8270-4F73-AD9A-7E774BC020D2}.Release|x64.Build.0 = Release|Any CPU
		{E2697AB7-8270-4F73-AD9A-7E774BC020D2}.Release|x86.ActiveCfg = Release|Any CPU
		{E2697AB7-8270-4F73-AD9A-7E774BC020D2}.Release|x86.Build.0 = Release|Any CPU
		{EF0CEDFB-2CDE-460F-80B9-B44C0C87108D}.Debug|Any CPU.ActiveCfg = Debug|Any CPU
		{EF0CEDFB-2CDE-460F-80B9-B44C0C87108D}.Debug|Any CPU.Build.0 = Debug|Any CPU
		{EF0CEDFB-2CDE-460F-80B9-B44C0C87108D}.Debug|x64.ActiveCfg = Debug|Any CPU
		{EF0CEDFB-2CDE-460F-80B9-B44C0C87108D}.Debug|x64.Build.0 = Debug|Any CPU
		{EF0CEDFB-2CDE-460F-80B9-B44C0C87108D}.Debug|x86.ActiveCfg = Debug|Any CPU
		{EF0CEDFB-2CDE-460F-80B9-B44C0C87108D}.Debug|x86.Build.0 = Debug|Any CPU
		{EF0CEDFB-2CDE-460F-80B9-B44C0C87108D}.Release|Any CPU.ActiveCfg = Release|Any CPU
		{EF0CEDFB-2CDE-460F-80B9-B44C0C87108D}.Release|Any CPU.Build.0 = Release|Any CPU
		{EF0CEDFB-2CDE-460F-80B9-B44C0C87108D}.Release|x64.ActiveCfg = Release|Any CPU
		{EF0CEDFB-2CDE-460F-80B9-B44C0C87108D}.Release|x64.Build.0 = Release|Any CPU
		{EF0CEDFB-2CDE-460F-80B9-B44C0C87108D}.Release|x86.ActiveCfg = Release|Any CPU
		{EF0CEDFB-2CDE-460F-80B9-B44C0C87108D}.Release|x86.Build.0 = Release|Any CPU
		{312A4555-84FE-41DA-8CF0-6BACEB47C2FB}.Debug|Any CPU.ActiveCfg = Debug|Any CPU
		{312A4555-84FE-41DA-8CF0-6BACEB47C2FB}.Debug|Any CPU.Build.0 = Debug|Any CPU
		{312A4555-84FE-41DA-8CF0-6BACEB47C2FB}.Debug|x64.ActiveCfg = Debug|Any CPU
		{312A4555-84FE-41DA-8CF0-6BACEB47C2FB}.Debug|x64.Build.0 = Debug|Any CPU
		{312A4555-84FE-41DA-8CF0-6BACEB47C2FB}.Debug|x86.ActiveCfg = Debug|Any CPU
		{312A4555-84FE-41DA-8CF0-6BACEB47C2FB}.Debug|x86.Build.0 = Debug|Any CPU
		{312A4555-84FE-41DA-8CF0-6BACEB47C2FB}.Release|Any CPU.ActiveCfg = Release|Any CPU
		{312A4555-84FE-41DA-8CF0-6BACEB47C2FB}.Release|Any CPU.Build.0 = Release|Any CPU
		{312A4555-84FE-41DA-8CF0-6BACEB47C2FB}.Release|x64.ActiveCfg = Release|Any CPU
		{312A4555-84FE-41DA-8CF0-6BACEB47C2FB}.Release|x64.Build.0 = Release|Any CPU
		{312A4555-84FE-41DA-8CF0-6BACEB47C2FB}.Release|x86.ActiveCfg = Release|Any CPU
		{312A4555-84FE-41DA-8CF0-6BACEB47C2FB}.Release|x86.Build.0 = Release|Any CPU
		{ED829C37-F460-4080-8D3C-B084A11EB8F9}.Debug|Any CPU.ActiveCfg = Debug|Any CPU
		{ED829C37-F460-4080-8D3C-B084A11EB8F9}.Debug|Any CPU.Build.0 = Debug|Any CPU
		{ED829C37-F460-4080-8D3C-B084A11EB8F9}.Debug|x64.ActiveCfg = Debug|Any CPU
		{ED829C37-F460-4080-8D3C-B084A11EB8F9}.Debug|x64.Build.0 = Debug|Any CPU
		{ED829C37-F460-4080-8D3C-B084A11EB8F9}.Debug|x86.ActiveCfg = Debug|Any CPU
		{ED829C37-F460-4080-8D3C-B084A11EB8F9}.Debug|x86.Build.0 = Debug|Any CPU
		{ED829C37-F460-4080-8D3C-B084A11EB8F9}.Release|Any CPU.ActiveCfg = Release|Any CPU
		{ED829C37-F460-4080-8D3C-B084A11EB8F9}.Release|Any CPU.Build.0 = Release|Any CPU
		{ED829C37-F460-4080-8D3C-B084A11EB8F9}.Release|x64.ActiveCfg = Release|Any CPU
		{ED829C37-F460-4080-8D3C-B084A11EB8F9}.Release|x64.Build.0 = Release|Any CPU
		{ED829C37-F460-4080-8D3C-B084A11EB8F9}.Release|x86.ActiveCfg = Release|Any CPU
		{ED829C37-F460-4080-8D3C-B084A11EB8F9}.Release|x86.Build.0 = Release|Any CPU
		{F02668BE-3CF8-49CC-851B-D9A98ECDAECC}.Debug|Any CPU.ActiveCfg = Debug|Any CPU
		{F02668BE-3CF8-49CC-851B-D9A98ECDAECC}.Debug|Any CPU.Build.0 = Debug|Any CPU
		{F02668BE-3CF8-49CC-851B-D9A98ECDAECC}.Debug|x64.ActiveCfg = Debug|Any CPU
		{F02668BE-3CF8-49CC-851B-D9A98ECDAECC}.Debug|x64.Build.0 = Debug|Any CPU
		{F02668BE-3CF8-49CC-851B-D9A98ECDAECC}.Debug|x86.ActiveCfg = Debug|Any CPU
		{F02668BE-3CF8-49CC-851B-D9A98ECDAECC}.Debug|x86.Build.0 = Debug|Any CPU
		{F02668BE-3CF8-49CC-851B-D9A98ECDAECC}.Release|Any CPU.ActiveCfg = Release|Any CPU
		{F02668BE-3CF8-49CC-851B-D9A98ECDAECC}.Release|Any CPU.Build.0 = Release|Any CPU
		{F02668BE-3CF8-49CC-851B-D9A98ECDAECC}.Release|x64.ActiveCfg = Release|Any CPU
		{F02668BE-3CF8-49CC-851B-D9A98ECDAECC}.Release|x64.Build.0 = Release|Any CPU
		{F02668BE-3CF8-49CC-851B-D9A98ECDAECC}.Release|x86.ActiveCfg = Release|Any CPU
		{F02668BE-3CF8-49CC-851B-D9A98ECDAECC}.Release|x86.Build.0 = Release|Any CPU
		{56935E47-74B0-4A5D-808D-6F32E1B7149C}.Debug|Any CPU.ActiveCfg = Debug|Any CPU
		{56935E47-74B0-4A5D-808D-6F32E1B7149C}.Debug|Any CPU.Build.0 = Debug|Any CPU
		{56935E47-74B0-4A5D-808D-6F32E1B7149C}.Debug|x64.ActiveCfg = Debug|Any CPU
		{56935E47-74B0-4A5D-808D-6F32E1B7149C}.Debug|x64.Build.0 = Debug|Any CPU
		{56935E47-74B0-4A5D-808D-6F32E1B7149C}.Debug|x86.ActiveCfg = Debug|Any CPU
		{56935E47-74B0-4A5D-808D-6F32E1B7149C}.Debug|x86.Build.0 = Debug|Any CPU
		{56935E47-74B0-4A5D-808D-6F32E1B7149C}.Release|Any CPU.ActiveCfg = Release|Any CPU
		{56935E47-74B0-4A5D-808D-6F32E1B7149C}.Release|Any CPU.Build.0 = Release|Any CPU
		{56935E47-74B0-4A5D-808D-6F32E1B7149C}.Release|x64.ActiveCfg = Release|Any CPU
		{56935E47-74B0-4A5D-808D-6F32E1B7149C}.Release|x64.Build.0 = Release|Any CPU
		{56935E47-74B0-4A5D-808D-6F32E1B7149C}.Release|x86.ActiveCfg = Release|Any CPU
		{56935E47-74B0-4A5D-808D-6F32E1B7149C}.Release|x86.Build.0 = Release|Any CPU
		{B6C70F57-9776-4FC9-9E48-58397CA08E3E}.Debug|Any CPU.ActiveCfg = Debug|Any CPU
		{B6C70F57-9776-4FC9-9E48-58397CA08E3E}.Debug|Any CPU.Build.0 = Debug|Any CPU
		{B6C70F57-9776-4FC9-9E48-58397CA08E3E}.Debug|x64.ActiveCfg = Debug|Any CPU
		{B6C70F57-9776-4FC9-9E48-58397CA08E3E}.Debug|x64.Build.0 = Debug|Any CPU
		{B6C70F57-9776-4FC9-9E48-58397CA08E3E}.Debug|x86.ActiveCfg = Debug|Any CPU
		{B6C70F57-9776-4FC9-9E48-58397CA08E3E}.Debug|x86.Build.0 = Debug|Any CPU
		{B6C70F57-9776-4FC9-9E48-58397CA08E3E}.Release|Any CPU.ActiveCfg = Release|Any CPU
		{B6C70F57-9776-4FC9-9E48-58397CA08E3E}.Release|Any CPU.Build.0 = Release|Any CPU
		{B6C70F57-9776-4FC9-9E48-58397CA08E3E}.Release|x64.ActiveCfg = Release|Any CPU
		{B6C70F57-9776-4FC9-9E48-58397CA08E3E}.Release|x64.Build.0 = Release|Any CPU
		{B6C70F57-9776-4FC9-9E48-58397CA08E3E}.Release|x86.ActiveCfg = Release|Any CPU
		{B6C70F57-9776-4FC9-9E48-58397CA08E3E}.Release|x86.Build.0 = Release|Any CPU
		{2FF9752B-2D3E-4730-B1BB-9C84669E109A}.Debug|Any CPU.ActiveCfg = Debug|Any CPU
		{2FF9752B-2D3E-4730-B1BB-9C84669E109A}.Debug|Any CPU.Build.0 = Debug|Any CPU
		{2FF9752B-2D3E-4730-B1BB-9C84669E109A}.Debug|x64.ActiveCfg = Debug|Any CPU
		{2FF9752B-2D3E-4730-B1BB-9C84669E109A}.Debug|x64.Build.0 = Debug|Any CPU
		{2FF9752B-2D3E-4730-B1BB-9C84669E109A}.Debug|x86.ActiveCfg = Debug|Any CPU
		{2FF9752B-2D3E-4730-B1BB-9C84669E109A}.Debug|x86.Build.0 = Debug|Any CPU
		{2FF9752B-2D3E-4730-B1BB-9C84669E109A}.Release|Any CPU.ActiveCfg = Release|Any CPU
		{2FF9752B-2D3E-4730-B1BB-9C84669E109A}.Release|Any CPU.Build.0 = Release|Any CPU
		{2FF9752B-2D3E-4730-B1BB-9C84669E109A}.Release|x64.ActiveCfg = Release|Any CPU
		{2FF9752B-2D3E-4730-B1BB-9C84669E109A}.Release|x64.Build.0 = Release|Any CPU
		{2FF9752B-2D3E-4730-B1BB-9C84669E109A}.Release|x86.ActiveCfg = Release|Any CPU
		{2FF9752B-2D3E-4730-B1BB-9C84669E109A}.Release|x86.Build.0 = Release|Any CPU
		{194CF415-7127-4D32-89CC-CC6B98F4DA9B}.Debug|Any CPU.ActiveCfg = Debug|Any CPU
		{194CF415-7127-4D32-89CC-CC6B98F4DA9B}.Debug|Any CPU.Build.0 = Debug|Any CPU
		{194CF415-7127-4D32-89CC-CC6B98F4DA9B}.Debug|x64.ActiveCfg = Debug|Any CPU
		{194CF415-7127-4D32-89CC-CC6B98F4DA9B}.Debug|x64.Build.0 = Debug|Any CPU
		{194CF415-7127-4D32-89CC-CC6B98F4DA9B}.Debug|x86.ActiveCfg = Debug|Any CPU
		{194CF415-7127-4D32-89CC-CC6B98F4DA9B}.Debug|x86.Build.0 = Debug|Any CPU
		{194CF415-7127-4D32-89CC-CC6B98F4DA9B}.Release|Any CPU.ActiveCfg = Release|Any CPU
		{194CF415-7127-4D32-89CC-CC6B98F4DA9B}.Release|Any CPU.Build.0 = Release|Any CPU
		{194CF415-7127-4D32-89CC-CC6B98F4DA9B}.Release|x64.ActiveCfg = Release|Any CPU
		{194CF415-7127-4D32-89CC-CC6B98F4DA9B}.Release|x64.Build.0 = Release|Any CPU
		{194CF415-7127-4D32-89CC-CC6B98F4DA9B}.Release|x86.ActiveCfg = Release|Any CPU
		{194CF415-7127-4D32-89CC-CC6B98F4DA9B}.Release|x86.Build.0 = Release|Any CPU
		{05E03714-416B-4DCE-A842-E00BAE7E0FA3}.Debug|Any CPU.ActiveCfg = Debug|Any CPU
		{05E03714-416B-4DCE-A842-E00BAE7E0FA3}.Debug|Any CPU.Build.0 = Debug|Any CPU
		{05E03714-416B-4DCE-A842-E00BAE7E0FA3}.Debug|x64.ActiveCfg = Debug|Any CPU
		{05E03714-416B-4DCE-A842-E00BAE7E0FA3}.Debug|x64.Build.0 = Debug|Any CPU
		{05E03714-416B-4DCE-A842-E00BAE7E0FA3}.Debug|x86.ActiveCfg = Debug|Any CPU
		{05E03714-416B-4DCE-A842-E00BAE7E0FA3}.Debug|x86.Build.0 = Debug|Any CPU
		{05E03714-416B-4DCE-A842-E00BAE7E0FA3}.Release|Any CPU.ActiveCfg = Release|Any CPU
		{05E03714-416B-4DCE-A842-E00BAE7E0FA3}.Release|Any CPU.Build.0 = Release|Any CPU
		{05E03714-416B-4DCE-A842-E00BAE7E0FA3}.Release|x64.ActiveCfg = Release|Any CPU
		{05E03714-416B-4DCE-A842-E00BAE7E0FA3}.Release|x64.Build.0 = Release|Any CPU
		{05E03714-416B-4DCE-A842-E00BAE7E0FA3}.Release|x86.ActiveCfg = Release|Any CPU
		{05E03714-416B-4DCE-A842-E00BAE7E0FA3}.Release|x86.Build.0 = Release|Any CPU
		{96F6691C-9562-4C08-B6CC-B106BB42E70E}.Debug|Any CPU.ActiveCfg = Debug|Any CPU
		{96F6691C-9562-4C08-B6CC-B106BB42E70E}.Debug|Any CPU.Build.0 = Debug|Any CPU
		{96F6691C-9562-4C08-B6CC-B106BB42E70E}.Debug|x64.ActiveCfg = Debug|Any CPU
		{96F6691C-9562-4C08-B6CC-B106BB42E70E}.Debug|x64.Build.0 = Debug|Any CPU
		{96F6691C-9562-4C08-B6CC-B106BB42E70E}.Debug|x86.ActiveCfg = Debug|Any CPU
		{96F6691C-9562-4C08-B6CC-B106BB42E70E}.Debug|x86.Build.0 = Debug|Any CPU
		{96F6691C-9562-4C08-B6CC-B106BB42E70E}.Release|Any CPU.ActiveCfg = Release|Any CPU
		{96F6691C-9562-4C08-B6CC-B106BB42E70E}.Release|Any CPU.Build.0 = Release|Any CPU
		{96F6691C-9562-4C08-B6CC-B106BB42E70E}.Release|x64.ActiveCfg = Release|Any CPU
		{96F6691C-9562-4C08-B6CC-B106BB42E70E}.Release|x64.Build.0 = Release|Any CPU
		{96F6691C-9562-4C08-B6CC-B106BB42E70E}.Release|x86.ActiveCfg = Release|Any CPU
		{96F6691C-9562-4C08-B6CC-B106BB42E70E}.Release|x86.Build.0 = Release|Any CPU
		{9267E0A9-7FAA-4EFE-9EF0-28075952C1A0}.Debug|Any CPU.ActiveCfg = Debug|Any CPU
		{9267E0A9-7FAA-4EFE-9EF0-28075952C1A0}.Debug|Any CPU.Build.0 = Debug|Any CPU
		{9267E0A9-7FAA-4EFE-9EF0-28075952C1A0}.Debug|x64.ActiveCfg = Debug|Any CPU
		{9267E0A9-7FAA-4EFE-9EF0-28075952C1A0}.Debug|x64.Build.0 = Debug|Any CPU
		{9267E0A9-7FAA-4EFE-9EF0-28075952C1A0}.Debug|x86.ActiveCfg = Debug|Any CPU
		{9267E0A9-7FAA-4EFE-9EF0-28075952C1A0}.Debug|x86.Build.0 = Debug|Any CPU
		{9267E0A9-7FAA-4EFE-9EF0-28075952C1A0}.Release|Any CPU.ActiveCfg = Release|Any CPU
		{9267E0A9-7FAA-4EFE-9EF0-28075952C1A0}.Release|Any CPU.Build.0 = Release|Any CPU
		{9267E0A9-7FAA-4EFE-9EF0-28075952C1A0}.Release|x64.ActiveCfg = Release|Any CPU
		{9267E0A9-7FAA-4EFE-9EF0-28075952C1A0}.Release|x64.Build.0 = Release|Any CPU
		{9267E0A9-7FAA-4EFE-9EF0-28075952C1A0}.Release|x86.ActiveCfg = Release|Any CPU
		{9267E0A9-7FAA-4EFE-9EF0-28075952C1A0}.Release|x86.Build.0 = Release|Any CPU
		{E1915E19-D3F0-47F5-89CD-ACA552EC6669}.Debug|Any CPU.ActiveCfg = Debug|Any CPU
		{E1915E19-D3F0-47F5-89CD-ACA552EC6669}.Debug|Any CPU.Build.0 = Debug|Any CPU
		{E1915E19-D3F0-47F5-89CD-ACA552EC6669}.Debug|x64.ActiveCfg = Debug|Any CPU
		{E1915E19-D3F0-47F5-89CD-ACA552EC6669}.Debug|x64.Build.0 = Debug|Any CPU
		{E1915E19-D3F0-47F5-89CD-ACA552EC6669}.Debug|x86.ActiveCfg = Debug|Any CPU
		{E1915E19-D3F0-47F5-89CD-ACA552EC6669}.Debug|x86.Build.0 = Debug|Any CPU
		{E1915E19-D3F0-47F5-89CD-ACA552EC6669}.Release|Any CPU.ActiveCfg = Release|Any CPU
		{E1915E19-D3F0-47F5-89CD-ACA552EC6669}.Release|Any CPU.Build.0 = Release|Any CPU
		{E1915E19-D3F0-47F5-89CD-ACA552EC6669}.Release|x64.ActiveCfg = Release|Any CPU
		{E1915E19-D3F0-47F5-89CD-ACA552EC6669}.Release|x64.Build.0 = Release|Any CPU
		{E1915E19-D3F0-47F5-89CD-ACA552EC6669}.Release|x86.ActiveCfg = Release|Any CPU
		{E1915E19-D3F0-47F5-89CD-ACA552EC6669}.Release|x86.Build.0 = Release|Any CPU
		{0A31AC58-D597-4FF7-B994-2D3DEB910A0F}.Debug|Any CPU.ActiveCfg = Debug|Any CPU
		{0A31AC58-D597-4FF7-B994-2D3DEB910A0F}.Debug|Any CPU.Build.0 = Debug|Any CPU
		{0A31AC58-D597-4FF7-B994-2D3DEB910A0F}.Debug|x64.ActiveCfg = Debug|Any CPU
		{0A31AC58-D597-4FF7-B994-2D3DEB910A0F}.Debug|x64.Build.0 = Debug|Any CPU
		{0A31AC58-D597-4FF7-B994-2D3DEB910A0F}.Debug|x86.ActiveCfg = Debug|Any CPU
		{0A31AC58-D597-4FF7-B994-2D3DEB910A0F}.Debug|x86.Build.0 = Debug|Any CPU
		{0A31AC58-D597-4FF7-B994-2D3DEB910A0F}.Release|Any CPU.ActiveCfg = Release|Any CPU
		{0A31AC58-D597-4FF7-B994-2D3DEB910A0F}.Release|Any CPU.Build.0 = Release|Any CPU
		{0A31AC58-D597-4FF7-B994-2D3DEB910A0F}.Release|x64.ActiveCfg = Release|Any CPU
		{0A31AC58-D597-4FF7-B994-2D3DEB910A0F}.Release|x64.Build.0 = Release|Any CPU
		{0A31AC58-D597-4FF7-B994-2D3DEB910A0F}.Release|x86.ActiveCfg = Release|Any CPU
		{0A31AC58-D597-4FF7-B994-2D3DEB910A0F}.Release|x86.Build.0 = Release|Any CPU
		{61E0C5F2-F2C9-4E09-9BF8-74D1DB7404D3}.Debug|Any CPU.ActiveCfg = Debug|Any CPU
		{61E0C5F2-F2C9-4E09-9BF8-74D1DB7404D3}.Debug|Any CPU.Build.0 = Debug|Any CPU
		{61E0C5F2-F2C9-4E09-9BF8-74D1DB7404D3}.Debug|x64.ActiveCfg = Debug|Any CPU
		{61E0C5F2-F2C9-4E09-9BF8-74D1DB7404D3}.Debug|x64.Build.0 = Debug|Any CPU
		{61E0C5F2-F2C9-4E09-9BF8-74D1DB7404D3}.Debug|x86.ActiveCfg = Debug|Any CPU
		{61E0C5F2-F2C9-4E09-9BF8-74D1DB7404D3}.Debug|x86.Build.0 = Debug|Any CPU
		{61E0C5F2-F2C9-4E09-9BF8-74D1DB7404D3}.Release|Any CPU.ActiveCfg = Release|Any CPU
		{61E0C5F2-F2C9-4E09-9BF8-74D1DB7404D3}.Release|Any CPU.Build.0 = Release|Any CPU
		{61E0C5F2-F2C9-4E09-9BF8-74D1DB7404D3}.Release|x64.ActiveCfg = Release|Any CPU
		{61E0C5F2-F2C9-4E09-9BF8-74D1DB7404D3}.Release|x64.Build.0 = Release|Any CPU
		{61E0C5F2-F2C9-4E09-9BF8-74D1DB7404D3}.Release|x86.ActiveCfg = Release|Any CPU
		{61E0C5F2-F2C9-4E09-9BF8-74D1DB7404D3}.Release|x86.Build.0 = Release|Any CPU
		{79D5B490-83D0-4906-8B65-F47543B56029}.Debug|Any CPU.ActiveCfg = Debug|Any CPU
		{79D5B490-83D0-4906-8B65-F47543B56029}.Debug|Any CPU.Build.0 = Debug|Any CPU
		{79D5B490-83D0-4906-8B65-F47543B56029}.Debug|x64.ActiveCfg = Debug|Any CPU
		{79D5B490-83D0-4906-8B65-F47543B56029}.Debug|x64.Build.0 = Debug|Any CPU
		{79D5B490-83D0-4906-8B65-F47543B56029}.Debug|x86.ActiveCfg = Debug|Any CPU
		{79D5B490-83D0-4906-8B65-F47543B56029}.Debug|x86.Build.0 = Debug|Any CPU
		{79D5B490-83D0-4906-8B65-F47543B56029}.Release|Any CPU.ActiveCfg = Release|Any CPU
		{79D5B490-83D0-4906-8B65-F47543B56029}.Release|Any CPU.Build.0 = Release|Any CPU
		{79D5B490-83D0-4906-8B65-F47543B56029}.Release|x64.ActiveCfg = Release|Any CPU
		{79D5B490-83D0-4906-8B65-F47543B56029}.Release|x64.Build.0 = Release|Any CPU
		{79D5B490-83D0-4906-8B65-F47543B56029}.Release|x86.ActiveCfg = Release|Any CPU
		{79D5B490-83D0-4906-8B65-F47543B56029}.Release|x86.Build.0 = Release|Any CPU
		{11FC6F5D-EE55-4E79-A588-9E98C488D317}.Debug|Any CPU.ActiveCfg = Debug|Any CPU
		{11FC6F5D-EE55-4E79-A588-9E98C488D317}.Debug|Any CPU.Build.0 = Debug|Any CPU
		{11FC6F5D-EE55-4E79-A588-9E98C488D317}.Debug|x64.ActiveCfg = Debug|Any CPU
		{11FC6F5D-EE55-4E79-A588-9E98C488D317}.Debug|x64.Build.0 = Debug|Any CPU
		{11FC6F5D-EE55-4E79-A588-9E98C488D317}.Debug|x86.ActiveCfg = Debug|Any CPU
		{11FC6F5D-EE55-4E79-A588-9E98C488D317}.Debug|x86.Build.0 = Debug|Any CPU
		{11FC6F5D-EE55-4E79-A588-9E98C488D317}.Release|Any CPU.ActiveCfg = Release|Any CPU
		{11FC6F5D-EE55-4E79-A588-9E98C488D317}.Release|Any CPU.Build.0 = Release|Any CPU
		{11FC6F5D-EE55-4E79-A588-9E98C488D317}.Release|x64.ActiveCfg = Release|Any CPU
		{11FC6F5D-EE55-4E79-A588-9E98C488D317}.Release|x64.Build.0 = Release|Any CPU
		{11FC6F5D-EE55-4E79-A588-9E98C488D317}.Release|x86.ActiveCfg = Release|Any CPU
		{11FC6F5D-EE55-4E79-A588-9E98C488D317}.Release|x86.Build.0 = Release|Any CPU
	EndGlobalSection
	GlobalSection(SolutionProperties) = preSolution
		HideSolutionNode = FALSE
	EndGlobalSection
	GlobalSection(NestedProjects) = preSolution
		{F31084E3-F323-DA7D-C145-65CE5C3B4ED1} = {5854FF58-B8C5-05C6-5BF2-ACE42193F22B}
		{E2697AB7-8270-4F73-AD9A-7E774BC020D2} = {F31084E3-F323-DA7D-C145-65CE5C3B4ED1}
		{EF0CEDFB-2CDE-460F-80B9-B44C0C87108D} = {F31084E3-F323-DA7D-C145-65CE5C3B4ED1}
		{312A4555-84FE-41DA-8CF0-6BACEB47C2FB} = {F31084E3-F323-DA7D-C145-65CE5C3B4ED1}
		{ED829C37-F460-4080-8D3C-B084A11EB8F9} = {F31084E3-F323-DA7D-C145-65CE5C3B4ED1}
		{871CC0D5-9F75-7171-07CF-829AA5C5D79C} = {5854FF58-B8C5-05C6-5BF2-ACE42193F22B}
		{F02668BE-3CF8-49CC-851B-D9A98ECDAECC} = {871CC0D5-9F75-7171-07CF-829AA5C5D79C}
		{56935E47-74B0-4A5D-808D-6F32E1B7149C} = {871CC0D5-9F75-7171-07CF-829AA5C5D79C}
		{B6C70F57-9776-4FC9-9E48-58397CA08E3E} = {871CC0D5-9F75-7171-07CF-829AA5C5D79C}
		{2FF9752B-2D3E-4730-B1BB-9C84669E109A} = {871CC0D5-9F75-7171-07CF-829AA5C5D79C}
		{378295AF-C144-6721-7CFF-8DE6E58ED8C7} = {5854FF58-B8C5-05C6-5BF2-ACE42193F22B}
		{194CF415-7127-4D32-89CC-CC6B98F4DA9B} = {378295AF-C144-6721-7CFF-8DE6E58ED8C7}
		{05E03714-416B-4DCE-A842-E00BAE7E0FA3} = {378295AF-C144-6721-7CFF-8DE6E58ED8C7}
		{96F6691C-9562-4C08-B6CC-B106BB42E70E} = {378295AF-C144-6721-7CFF-8DE6E58ED8C7}
		{9267E0A9-7FAA-4EFE-9EF0-28075952C1A0} = {378295AF-C144-6721-7CFF-8DE6E58ED8C7}
		{2313982F-DB91-141E-F0CF-840D51D3D355} = {5854FF58-B8C5-05C6-5BF2-ACE42193F22B}
		{E1915E19-D3F0-47F5-89CD-ACA552EC6669} = {2313982F-DB91-141E-F0CF-840D51D3D355}
		{0A31AC58-D597-4FF7-B994-2D3DEB910A0F} = {2313982F-DB91-141E-F0CF-840D51D3D355}
		{61E0C5F2-F2C9-4E09-9BF8-74D1DB7404D3} = {2313982F-DB91-141E-F0CF-840D51D3D355}
		{79D5B490-83D0-4906-8B65-F47543B56029} = {2313982F-DB91-141E-F0CF-840D51D3D355}
		{11FC6F5D-EE55-4E79-A588-9E98C488D317} = {E7BDDBC6-9FD1-D1D7-ACD8-2C4F8E3D2461}
	EndGlobalSection
EndGlobal
