
Microsoft Visual Studio Solution File, Format Version 12.00
# Visual Studio Version 17
VisualStudioVersion = 17.0.31903.59
MinimumVisualStudioVersion = 10.0.40219.1
Project("{FAE04EC0-301F-11D3-BF4B-00C04F79EFBC}") = "TrackingService.API", "TrackingService.API\TrackingService.API.csproj", "{41A8EA10-810D-42BF-97CA-E9AEF6D1CE79}"
EndProject
Project("{FAE04EC0-301F-11D3-BF4B-00C04F79EFBC}") = "TrackingService.Application", "TrackingService.Application\TrackingService.Application.csproj", "{22E3A2C2-FA63-45BB-B23E-E0FF37C5D3D0}"
EndProject
Project("{FAE04EC0-301F-11D3-BF4B-00C04F79EFBC}") = "TrackingService.Domain", "TrackingService.Domain\TrackingService.Domain.csproj", "{B9724F8C-471C-434B-A2A1-079C79EC6ECE}"
EndProject
Project("{FAE04EC0-301F-11D3-BF4B-00C04F79EFBC}") = "TrackingService.Infrastructure", "TrackingService.Infrastructure\TrackingService.Infrastructure.csproj", "{670143BA-3993-4F3D-840E-FA942ABDF134}"
EndProject
Global
	GlobalSection(SolutionConfigurationPlatforms) = preSolution
		Debug|Any CPU = Debug|Any CPU
		Debug|x64 = Debug|x64
		Debug|x86 = Debug|x86
		Release|Any CPU = Release|Any CPU
		Release|x64 = Release|x64
		Release|x86 = Release|x86
	EndGlobalSection
	GlobalSection(ProjectConfigurationPlatforms) = postSolution
		{41A8EA10-810D-42BF-97CA-E9AEF6D1CE79}.Debug|Any CPU.ActiveCfg = Debug|Any CPU
		{41A8EA10-810D-42BF-97CA-E9AEF6D1CE79}.Debug|Any CPU.Build.0 = Debug|Any CPU
		{41A8EA10-810D-42BF-97CA-E9AEF6D1CE79}.Debug|x64.ActiveCfg = Debug|Any CPU
		{41A8EA10-810D-42BF-97CA-E9AEF6D1CE79}.Debug|x64.Build.0 = Debug|Any CPU
		{41A8EA10-810D-42BF-97CA-E9AEF6D1CE79}.Debug|x86.ActiveCfg = Debug|Any CPU
		{41A8EA10-810D-42BF-97CA-E9AEF6D1CE79}.Debug|x86.Build.0 = Debug|Any CPU
		{41A8EA10-810D-42BF-97CA-E9AEF6D1CE79}.Release|Any CPU.ActiveCfg = Release|Any CPU
		{41A8EA10-810D-42BF-97CA-E9AEF6D1CE79}.Release|Any CPU.Build.0 = Release|Any CPU
		{41A8EA10-810D-42BF-97CA-E9AEF6D1CE79}.Release|x64.ActiveCfg = Release|Any CPU
		{41A8EA10-810D-42BF-97CA-E9AEF6D1CE79}.Release|x64.Build.0 = Release|Any CPU
		{41A8EA10-810D-42BF-97CA-E9AEF6D1CE79}.Release|x86.ActiveCfg = Release|Any CPU
		{41A8EA10-810D-42BF-97CA-E9AEF6D1CE79}.Release|x86.Build.0 = Release|Any CPU
		{22E3A2C2-FA63-45BB-B23E-E0FF37C5D3D0}.Debug|Any CPU.ActiveCfg = Debug|Any CPU
		{22E3A2C2-FA63-45BB-B23E-E0FF37C5D3D0}.Debug|Any CPU.Build.0 = Debug|Any CPU
		{22E3A2C2-FA63-45BB-B23E-E0FF37C5D3D0}.Debug|x64.ActiveCfg = Debug|Any CPU
		{22E3A2C2-FA63-45BB-B23E-E0FF37C5D3D0}.Debug|x64.Build.0 = Debug|Any CPU
		{22E3A2C2-FA63-45BB-B23E-E0FF37C5D3D0}.Debug|x86.ActiveCfg = Debug|Any CPU
		{22E3A2C2-FA63-45BB-B23E-E0FF37C5D3D0}.Debug|x86.Build.0 = Debug|Any CPU
		{22E3A2C2-FA63-45BB-B23E-E0FF37C5D3D0}.Release|Any CPU.ActiveCfg = Release|Any CPU
		{22E3A2C2-FA63-45BB-B23E-E0FF37C5D3D0}.Release|Any CPU.Build.0 = Release|Any CPU
		{22E3A2C2-FA63-45BB-B23E-E0FF37C5D3D0}.Release|x64.ActiveCfg = Release|Any CPU
		{22E3A2C2-FA63-45BB-B23E-E0FF37C5D3D0}.Release|x64.Build.0 = Release|Any CPU
		{22E3A2C2-FA63-45BB-B23E-E0FF37C5D3D0}.Release|x86.ActiveCfg = Release|Any CPU
		{22E3A2C2-FA63-45BB-B23E-E0FF37C5D3D0}.Release|x86.Build.0 = Release|Any CPU
		{B9724F8C-471C-434B-A2A1-079C79EC6ECE}.Debug|Any CPU.ActiveCfg = Debug|Any CPU
		{B9724F8C-471C-434B-A2A1-079C79EC6ECE}.Debug|Any CPU.Build.0 = Debug|Any CPU
		{B9724F8C-471C-434B-A2A1-079C79EC6ECE}.Debug|x64.ActiveCfg = Debug|Any CPU
		{B9724F8C-471C-434B-A2A1-079C79EC6ECE}.Debug|x64.Build.0 = Debug|Any CPU
		{B9724F8C-471C-434B-A2A1-079C79EC6ECE}.Debug|x86.ActiveCfg = Debug|Any CPU
		{B9724F8C-471C-434B-A2A1-079C79EC6ECE}.Debug|x86.Build.0 = Debug|Any CPU
		{B9724F8C-471C-434B-A2A1-079C79EC6ECE}.Release|Any CPU.ActiveCfg = Release|Any CPU
		{B9724F8C-471C-434B-A2A1-079C79EC6ECE}.Release|Any CPU.Build.0 = Release|Any CPU
		{B9724F8C-471C-434B-A2A1-079C79EC6ECE}.Release|x64.ActiveCfg = Release|Any CPU
		{B9724F8C-471C-434B-A2A1-079C79EC6ECE}.Release|x64.Build.0 = Release|Any CPU
		{B9724F8C-471C-434B-A2A1-079C79EC6ECE}.Release|x86.ActiveCfg = Release|Any CPU
		{B9724F8C-471C-434B-A2A1-079C79EC6ECE}.Release|x86.Build.0 = Release|Any CPU
		{670143BA-3993-4F3D-840E-FA942ABDF134}.Debug|Any CPU.ActiveCfg = Debug|Any CPU
		{670143BA-3993-4F3D-840E-FA942ABDF134}.Debug|Any CPU.Build.0 = Debug|Any CPU
		{670143BA-3993-4F3D-840E-FA942ABDF134}.Debug|x64.ActiveCfg = Debug|Any CPU
		{670143BA-3993-4F3D-840E-FA942ABDF134}.Debug|x64.Build.0 = Debug|Any CPU
		{670143BA-3993-4F3D-840E-FA942ABDF134}.Debug|x86.ActiveCfg = Debug|Any CPU
		{670143BA-3993-4F3D-840E-FA942ABDF134}.Debug|x86.Build.0 = Debug|Any CPU
		{670143BA-3993-4F3D-840E-FA942ABDF134}.Release|Any CPU.ActiveCfg = Release|Any CPU
		{670143BA-3993-4F3D-840E-FA942ABDF134}.Release|Any CPU.Build.0 = Release|Any CPU
		{670143BA-3993-4F3D-840E-FA942ABDF134}.Release|x64.ActiveCfg = Release|Any CPU
		{670143BA-3993-4F3D-840E-FA942ABDF134}.Release|x64.Build.0 = Release|Any CPU
		{670143BA-3993-4F3D-840E-FA942ABDF134}.Release|x86.ActiveCfg = Release|Any CPU
		{670143BA-3993-4F3D-840E-FA942ABDF134}.Release|x86.Build.0 = Release|Any CPU
	EndGlobalSection
	GlobalSection(SolutionProperties) = preSolution
		HideSolutionNode = FALSE
	EndGlobalSection
EndGlobal
